
Microsoft Visual Studio Solution File, Format Version 12.00
# Visual Studio Version 16
VisualStudioVersion = 16.0.31205.134
MinimumVisualStudioVersion = 10.0.40219.1
Project("{FAE04EC0-301F-11D3-BF4B-00C04F79EFBC}") = "Ze_EntregaWeb", "Ze_EntregaWeb\Ze_EntregaWeb.csproj", "{B5C9B96C-BDD1-463D-927A-085CCEFCE80C}"
	ProjectSection(ProjectDependencies) = postProject
		{7F38FD92-4AC1-4950-91E6-62B5F8A91A80} = {7F38FD92-4AC1-4950-91E6-62B5F8A91A80}
	EndProjectSection
EndProject
Project("{FAE04EC0-301F-11D3-BF4B-00C04F79EFBC}") = "Ze_Entrega.DOMAIN", "Ze_Entrega.DOMAIN\Ze_Entrega.DOMAIN.csproj", "{7F38FD92-4AC1-4950-91E6-62B5F8A91A80}"
EndProject
Global
	GlobalSection(SolutionConfigurationPlatforms) = preSolution
		Debug|Any CPU = Debug|Any CPU
		Release|Any CPU = Release|Any CPU
	EndGlobalSection
	GlobalSection(ProjectConfigurationPlatforms) = postSolution
		{B5C9B96C-BDD1-463D-927A-085CCEFCE80C}.Debug|Any CPU.ActiveCfg = Debug|Any CPU
		{B5C9B96C-BDD1-463D-927A-085CCEFCE80C}.Debug|Any CPU.Build.0 = Debug|Any CPU
		{B5C9B96C-BDD1-463D-927A-085CCEFCE80C}.Release|Any CPU.ActiveCfg = Release|Any CPU
		{B5C9B96C-BDD1-463D-927A-085CCEFCE80C}.Release|Any CPU.Build.0 = Release|Any CPU
		{7F38FD92-4AC1-4950-91E6-62B5F8A91A80}.Debug|Any CPU.ActiveCfg = Debug|Any CPU
		{7F38FD92-4AC1-4950-91E6-62B5F8A91A80}.Debug|Any CPU.Build.0 = Debug|Any CPU
		{7F38FD92-4AC1-4950-91E6-62B5F8A91A80}.Release|Any CPU.ActiveCfg = Release|Any CPU
		{7F38FD92-4AC1-4950-91E6-62B5F8A91A80}.Release|Any CPU.Build.0 = Release|Any CPU
	EndGlobalSection
	GlobalSection(SolutionProperties) = preSolution
		HideSolutionNode = FALSE
	EndGlobalSection
	GlobalSection(ExtensibilityGlobals) = postSolution
		SolutionGuid = {E1339CA4-FAB8-4B75-9272-9008E5E281A3}
	EndGlobalSection
EndGlobal
